
Microsoft Visual Studio Solution File, Format Version 12.00
# Visual Studio Version 17
VisualStudioVersion = 17.11.35327.3
MinimumVisualStudioVersion = 10.0.40219.1
Project("{D2ABAB84-BF74-430A-B69E-9DC6D40DDA17}") = "AnalysisMultiDimensionalBarbershopTO", "AnalysisMultiDimensionalBarbershopTO.dwproj", "{E3ED54AC-4301-497E-B882-07BE08E6F42B}"
EndProject
Global
	GlobalSection(SolutionConfigurationPlatforms) = preSolution
		Development|Default = Development|Default
	EndGlobalSection
	GlobalSection(ProjectConfigurationPlatforms) = postSolution
		{E3ED54AC-4301-497E-B882-07BE08E6F42B}.Development|Default.ActiveCfg = Development
		{E3ED54AC-4301-497E-B882-07BE08E6F42B}.Development|Default.Build.0 = Development
		{E3ED54AC-4301-497E-B882-07BE08E6F42B}.Development|Default.Deploy.0 = Development
	EndGlobalSection
	GlobalSection(SolutionProperties) = preSolution
		HideSolutionNode = FALSE
	EndGlobalSection
	GlobalSection(ExtensibilityGlobals) = postSolution
		SolutionGuid = {91F18AF4-D9FF-437A-9D2A-50F6507F5B1B}
	EndGlobalSection
EndGlobal
